
Microsoft Visual Studio Solution File, Format Version 12.00
# Visual Studio 2012
Project("{FAE04EC0-301F-11D3-BF4B-00C04F79EFBC}") = "SV2", "SV2.csproj", "{BCC449C5-AF88-4143-A902-8AA0418A5C33}"
EndProject
Global
	GlobalSection(SolutionConfigurationPlatforms) = preSolution
		Debug|Any CPU = Debug|Any CPU
		Release|Any CPU = Release|Any CPU
	EndGlobalSection
	GlobalSection(ProjectConfigurationPlatforms) = postSolution
		{BCC449C5-AF88-4143-A902-8AA0418A5C33}.Debug|Any CPU.ActiveCfg = Debug|Any CPU
		{BCC449C5-AF88-4143-A902-8AA0418A5C33}.Debug|Any CPU.Build.0 = Debug|Any CPU
		{BCC449C5-AF88-4143-A902-8AA0418A5C33}.Release|Any CPU.ActiveCfg = Release|Any CPU
		{BCC449C5-AF88-4143-A902-8AA0418A5C33}.Release|Any CPU.Build.0 = Release|Any CPU
	EndGlobalSection
	GlobalSection(SolutionProperties) = preSolution
		HideSolutionNode = FALSE
	EndGlobalSection
EndGlobal
